{
  "version": 1,
  "dependencies": {
    "net9.0": {
      "Microsoft.DependencyValidation.Analyzers": {
        "type": "Direct",
        "requested": "[0.11.0, )",
        "resolved": "0.11.0",
        "contentHash": "3xBVhMsM4o9cDpsvmlv78T1FG+cTH8i6bjl1Irk6hoIwEc6Ekoz4mKAR6Hn5M/2G2ZsHNrYBNwGkgF7aiw74UA=="
      },
      "Microsoft.Extensions.Http.Resilience": {
        "type": "Direct",
        "requested": "[9.0.0-preview.3.24209.3, )",
        "resolved": "9.0.0-preview.3.24209.3",
        "contentHash": "h2lRMiU8jvuMZqIlwYZtJVa6zZWQnavQ4w0zfJe+PWUyRZzzZtQXPNh1u7ynkv1zbLnYi3YvK95XqRBywMEZAQ==",
        "dependencies": {
          "Microsoft.Extensions.Configuration.Binder": "9.0.0-preview.3.24172.9",
          "Microsoft.Extensions.Http.Diagnostics": "9.0.0-preview.3.24209.3",
          "Microsoft.Extensions.ObjectPool": "9.0.0-preview.3.24172.13",
          "Microsoft.Extensions.Resilience": "9.0.0-preview.3.24209.3"
        }
      },
      "Microsoft.Extensions.ServiceDiscovery": {
        "type": "Direct",
        "requested": "[9.0.0-preview.3.24210.17, )",
        "resolved": "9.0.0-preview.3.24210.17",
        "contentHash": "pKf98DBg9bN7gdyOGiwGEbd9iAvJrkFD+BIq2ZRIOZak1p396F9qVFwc8T3aG6K3NHRD9Jfz+R6BLU9w07QBbQ==",
        "dependencies": {
          "Microsoft.Extensions.Http": "9.0.0-preview.3.24172.9",
          "Microsoft.Extensions.ServiceDiscovery.Abstractions": "9.0.0-preview.3.24210.17"
        }
      },
      "OpenTelemetry.Exporter.OpenTelemetryProtocol": {
        "type": "Direct",
        "requested": "[1.8.1, )",
        "resolved": "1.8.1",
        "contentHash": "kAn7VgAh/ZS2K+NCoJcQvxYJa/nLQazleyYcpLoXmkJzfJlcimJsnozQyZaROeaLYC0oTRgbONCcLi6j+cpZjg==",
        "dependencies": {
          "Google.Protobuf": "[3.22.5, 4.0.0)",
          "Grpc.Net.Client": "[2.52.0, 3.0.0)",
          "Microsoft.Extensions.Configuration.Binder": "8.0.1",
          "OpenTelemetry": "1.8.1"
        }
      },
      "OpenTelemetry.Extensions.Hosting": {
        "type": "Direct",
        "requested": "[1.8.1, )",
        "resolved": "1.8.1",
        "contentHash": "vAiiKFPGDUkCUu+edSZf95n33AC7VdynDG+wF+KolTQL+8YphlvQ5wn06PDegD0CJVqk8imwqN+LCb/JjsGxKA==",
        "dependencies": {
          "Microsoft.Extensions.Hosting.Abstractions": "8.0.0",
          "OpenTelemetry": "1.8.1"
        }
      },
      "OpenTelemetry.Instrumentation.AspNetCore": {
        "type": "Direct",
        "requested": "[1.8.1, )",
        "resolved": "1.8.1",
        "contentHash": "dRb1LEXSH95LGEubk96kYyBmGuny9/qycH9KqL8FXcOv446Xi53EW56TVE4wTMv4HPfn+rL3B9pPQ5RX7zD4Yw==",
        "dependencies": {
          "OpenTelemetry.Api.ProviderBuilderExtensions": "1.8.0"
        }
      },
      "OpenTelemetry.Instrumentation.GrpcNetClient": {
        "type": "Direct",
        "requested": "[1.8.0-beta.1, )",
        "resolved": "1.8.0-beta.1",
        "contentHash": "6vyT7uAWDR1TlE9+6TnsXuSd33NzotpfRbs8Hw0s7JNB+lmn3IqBBAKrnHB/MSyjX6cxdb6rvvthVBtXJy7MyQ==",
        "dependencies": {
          "OpenTelemetry": "1.8.0"
        }
      },
      "OpenTelemetry.Instrumentation.Http": {
        "type": "Direct",
        "requested": "[1.8.1, )",
        "resolved": "1.8.1",
        "contentHash": "l1KaO1U+v11X/kfZ8tcONc5l1qoP6nPk6yPrXBJNH0Wb6NEBTdEgI1dtJBbqOnjOrI2XS09le0ZGooh9ZVkZ3Q==",
        "dependencies": {
          "Microsoft.Extensions.Configuration": "8.0.0",
          "Microsoft.Extensions.Options": "8.0.0",
          "OpenTelemetry.Api.ProviderBuilderExtensions": "1.8.0"
        }
      },
      "OpenTelemetry.Instrumentation.Runtime": {
        "type": "Direct",
        "requested": "[1.8.0, )",
        "resolved": "1.8.0",
        "contentHash": "Ma7TL1leE/8qtD1mg8iiNND9VxmPpb81JCVfuSHKZImtaFHCfwKBtVB9SJ42/hHdy6I0Oi/TBQzWnfZvx0or2A==",
        "dependencies": {
          "OpenTelemetry.Api": "[1.8.0, 2.0.0)"
        }
      },
      "Roslynator.Analyzers": {
        "type": "Direct",
        "requested": "[4.12.1, )",
        "resolved": "4.12.1",
        "contentHash": "spdzd9cce7fvmAKlrRjDArKN0ytYHmmcYfAojUFFDPzTOheWGAk4xmAP3y5kEGtYnkUYRo4onO8YEggQFDUZtA=="
      },
      "Google.Protobuf": {
        "type": "Transitive",
        "resolved": "3.22.5",
        "contentHash": "tTMtDZPbLxJew8pk7NBdqhLqC4OipfkZdwPuCEUNr2AoDo1siUGcxFqJK0wDewTL8ge5Cjrb16CToMPxBUHMGA=="
      },
      "Grpc.Core.Api": {
        "type": "Transitive",
        "resolved": "2.52.0",
        "contentHash": "SQiPyBczG4vKPmI6Fd+O58GcxxDSFr6nfRAJuBDUNj+PgdokhjWJvZE/La1c09AkL2FVm/jrDloG89nkzmVF7A==",
        "dependencies": {
          "System.Memory": "4.5.3"
        }
      },
      "Grpc.Net.Client": {
        "type": "Transitive",
        "resolved": "2.52.0",
        "contentHash": "hWVH9g/Nnjz40ni//2S8UIOyEmhueQREoZIkD0zKHEPqLxXcNlbp4eebXIOicZtkwDSx0TFz9NpkbecEDn6rBw==",
        "dependencies": {
          "Grpc.Net.Common": "2.52.0",
          "Microsoft.Extensions.Logging.Abstractions": "3.0.3"
        }
      },
      "Grpc.Net.Common": {
        "type": "Transitive",
        "resolved": "2.52.0",
        "contentHash": "di9qzpdx525IxumZdYmu6sG2y/gXJyYeZ1ruFUzB9BJ1nj4kU1/dTAioNCMt1VLRvNVDqh8S8B1oBdKhHJ4xRg==",
        "dependencies": {
          "Grpc.Core.Api": "2.52.0"
        }
      },
      "Microsoft.Extensions.AmbientMetadata.Application": {
        "type": "Transitive",
        "resolved": "9.0.0-preview.3.24209.3",
        "contentHash": "7uOCzA5FuRvSZ0KU2He3qbtA8BXLf0Drp8lW8j0GKZNjwP7x/wdYWTwbyV8Nw9VY8wTtW6wdwPkqIYD+s14ZoA==",
        "dependencies": {
          "Microsoft.Extensions.Configuration": "9.0.0-preview.3.24172.9",
          "Microsoft.Extensions.Configuration.Binder": "9.0.0-preview.3.24172.9",
          "Microsoft.Extensions.Hosting.Abstractions": "9.0.0-preview.3.24172.9",
          "Microsoft.Extensions.Options.ConfigurationExtensions": "9.0.0-preview.3.24172.9"
        }
      },
      "Microsoft.Extensions.Compliance.Abstractions": {
        "type": "Transitive",
        "resolved": "9.0.0-preview.3.24209.3",
        "contentHash": "8KGZ88HrqbZ3MKrnjzzyMECJnGDoBTrIp9D8uog2ot/hQDSIQSNXduPAo8BmHD5RMByq4B3Jm/8e7VAdoqbrlA==",
        "dependencies": {
          "Microsoft.Extensions.DependencyInjection.Abstractions": "9.0.0-preview.3.24172.9",
          "Microsoft.Extensions.ObjectPool": "9.0.0-preview.3.24172.13"
        }
      },
      "Microsoft.Extensions.Configuration": {
        "type": "Transitive",
        "resolved": "9.0.0-preview.3.24172.9",
        "contentHash": "JSZ/hk5dflnuEPx1c6lmOOU9G6GXIqIrAH1jbWvLqaNlIM7eGltsH8qM1wc4XsdMVMbQV/avN/eIMwzbkvZkrQ==",
        "dependencies": {
          "Microsoft.Extensions.Configuration.Abstractions": "9.0.0-preview.3.24172.9",
          "Microsoft.Extensions.Primitives": "9.0.0-preview.3.24172.9"
        }
      },
      "Microsoft.Extensions.Configuration.Abstractions": {
        "type": "Transitive",
        "resolved": "9.0.0-preview.3.24172.9",
        "contentHash": "LAZhuLfRq6ZFBLYMMXrnY7bUtn5tiIF1vsRhA40XuTMc593VoaXNp0IjBHwfbWqRjYGPuRYL5LGG0qP3mp+9/Q==",
        "dependencies": {
          "Microsoft.Extensions.Primitives": "9.0.0-preview.3.24172.9"
        }
      },
      "Microsoft.Extensions.Configuration.Binder": {
        "type": "Transitive",
        "resolved": "9.0.0-preview.3.24172.9",
        "contentHash": "9DeBwO52EbozXF38sF48wXgoG39GfcFkyzzR4Gtnc9/BKHr8WrX5mASm2uhcU5yuTVFzd1qxJprcq4zKk8Vt0A==",
        "dependencies": {
          "Microsoft.Extensions.Configuration.Abstractions": "9.0.0-preview.3.24172.9"
        }
      },
      "Microsoft.Extensions.DependencyInjection": {
        "type": "Transitive",
        "resolved": "9.0.0-preview.3.24172.9",
        "contentHash": "9pc1Xlg99FqX1I57VtPv6fbhcrmOoA7p3/b+DwxAENaFz5JJt50CsVRq8WAvR5Fa+grFziewP3A/W0x9q5NYTw==",
        "dependencies": {
          "Microsoft.Extensions.DependencyInjection.Abstractions": "9.0.0-preview.3.24172.9"
        }
      },
      "Microsoft.Extensions.DependencyInjection.Abstractions": {
        "type": "Transitive",
        "resolved": "9.0.0-preview.3.24172.9",
        "contentHash": "3176Psy4JxVCJI9L57MyLXt+0HmCylzFmblmmG4GNbxCArrt8slJGWootNRj7rJBh1CPNXOI3nwk9VvDLj/8oQ=="
      },
      "Microsoft.Extensions.DependencyInjection.AutoActivation": {
        "type": "Transitive",
        "resolved": "9.0.0-preview.3.24209.3",
        "contentHash": "xtW+QvMu/v30qzUeMc0xqKlHJafyIbie+XuTeR+VuVlGpzpAdrA/8qtkYVFXqyjT/feGxHeW26QyRpr+/7nuhw==",
        "dependencies": {
          "Microsoft.Extensions.Hosting.Abstractions": "9.0.0-preview.3.24172.9",
          "Microsoft.Extensions.Options": "9.0.0-preview.3.24172.9"
        }
      },
      "Microsoft.Extensions.DiagnosticAdapter": {
        "type": "Transitive",
        "resolved": "3.1.32",
        "contentHash": "oDv3wt+Q5cmaSfOQ3Cdu6dF6sn/x5gzWdNpOq4ajBwCMWYBr6CchncDvB9pF83ORlbDuX32MsVLOPGPxW4Lx4g==",
        "dependencies": {
          "System.Diagnostics.DiagnosticSource": "4.7.1"
        }
      },
      "Microsoft.Extensions.Diagnostics": {
        "type": "Transitive",
        "resolved": "9.0.0-preview.3.24172.9",
        "contentHash": "XCM2TLekVeJfoh2HxOP236lyohqdiAUjU68hC5e86mCifVAPcyLTpE1mQPjOazagBQkWtYksVUOB+32icVVe2w==",
        "dependencies": {
          "Microsoft.Extensions.Configuration": "9.0.0-preview.3.24172.9",
          "Microsoft.Extensions.Diagnostics.Abstractions": "9.0.0-preview.3.24172.9",
          "Microsoft.Extensions.Options.ConfigurationExtensions": "9.0.0-preview.3.24172.9"
        }
      },
      "Microsoft.Extensions.Diagnostics.Abstractions": {
        "type": "Transitive",
        "resolved": "9.0.0-preview.3.24172.9",
        "contentHash": "BB/ajUVEeR/ZESKP3eoWv7azoypAoSM0TuYwEyCFG3fi1t3Hj9SnHY1BrTrZkYkCCNxrK577eZQcIsPZ9Qotzg==",
        "dependencies": {
          "Microsoft.Extensions.DependencyInjection.Abstractions": "9.0.0-preview.3.24172.9",
          "Microsoft.Extensions.Options": "9.0.0-preview.3.24172.9",
          "System.Diagnostics.DiagnosticSource": "9.0.0-preview.3.24172.9"
        }
      },
      "Microsoft.Extensions.Diagnostics.ExceptionSummarization": {
        "type": "Transitive",
        "resolved": "9.0.0-preview.3.24209.3",
        "contentHash": "PxWJsTS6M5v+LK3qtN1h53jrhLOgZYSOx2whLzsBQW7rHcuzgfD5uYIjFXJMkq5WnJ5o6xvuNIKS/PQl4+GdFw==",
        "dependencies": {
          "Microsoft.Extensions.DependencyInjection.Abstractions": "9.0.0-preview.3.24172.9"
        }
      },
      "Microsoft.Extensions.Features": {
        "type": "Transitive",
        "resolved": "9.0.0-preview.3.24172.13",
        "contentHash": "QOQlxjzeigdFabmO888saB2OveNQO+mDiG25YrvSUrK1bYgPMPIngHzFVmZ5hIB/22yEk5W5HxRe1NU2YX8zmw=="
      },
      "Microsoft.Extensions.FileProviders.Abstractions": {
        "type": "Transitive",
        "resolved": "9.0.0-preview.3.24172.9",
        "contentHash": "Rx/ySkSk+X6tTBvNm8yY2GhdeDj3h6dknI6FK4SW5jdYXRRaIaL0Ve14xz5uthMBdrAkS4U5XH5lgM74DDb95A==",
        "dependencies": {
          "Microsoft.Extensions.Primitives": "9.0.0-preview.3.24172.9"
        }
      },
      "Microsoft.Extensions.Hosting.Abstractions": {
        "type": "Transitive",
        "resolved": "9.0.0-preview.3.24172.9",
        "contentHash": "XcQFXPWqdbtEERTETyWFJ5VPNeqm31Gz6VPVcYRMHSRu1EtY4cHOxDY6MZgu7pkei6Bujd+9BlPIfZC2v7ozyw==",
        "dependencies": {
          "Microsoft.Extensions.Configuration.Abstractions": "9.0.0-preview.3.24172.9",
          "Microsoft.Extensions.DependencyInjection.Abstractions": "9.0.0-preview.3.24172.9",
          "Microsoft.Extensions.Diagnostics.Abstractions": "9.0.0-preview.3.24172.9",
          "Microsoft.Extensions.FileProviders.Abstractions": "9.0.0-preview.3.24172.9",
          "Microsoft.Extensions.Logging.Abstractions": "9.0.0-preview.3.24172.9"
        }
      },
      "Microsoft.Extensions.Http": {
        "type": "Transitive",
        "resolved": "9.0.0-preview.3.24172.9",
        "contentHash": "GyuEiHHslfYVlr1v8oPn2+4aBfG30VwJjDFg68z2KMhn4zleWiNSB2/ePhiL6jE0PWbyvFl3abCSNaTU+TDEZA==",
        "dependencies": {
          "Microsoft.Extensions.Configuration.Abstractions": "9.0.0-preview.3.24172.9",
          "Microsoft.Extensions.DependencyInjection.Abstractions": "9.0.0-preview.3.24172.9",
          "Microsoft.Extensions.Diagnostics": "9.0.0-preview.3.24172.9",
          "Microsoft.Extensions.Logging": "9.0.0-preview.3.24172.9",
          "Microsoft.Extensions.Logging.Abstractions": "9.0.0-preview.3.24172.9",
          "Microsoft.Extensions.Options": "9.0.0-preview.3.24172.9"
        }
      },
      "Microsoft.Extensions.Http.Diagnostics": {
        "type": "Transitive",
        "resolved": "9.0.0-preview.3.24209.3",
        "contentHash": "WjGuD4/UGsIV8Z+ej/PELk8sHTtbSTMgX1kuHpwfUpR4X/tx78LXxVDCpf5nUvnrESKIdRqe9i5Jecg5/v5PQg==",
        "dependencies": {
          "Microsoft.Extensions.Configuration.Binder": "9.0.0-preview.3.24172.9",
          "Microsoft.Extensions.DependencyInjection.AutoActivation": "9.0.0-preview.3.24209.3",
          "Microsoft.Extensions.DiagnosticAdapter": "3.1.32",
          "Microsoft.Extensions.Http": "9.0.0-preview.3.24172.9",
          "Microsoft.Extensions.Options.ConfigurationExtensions": "9.0.0-preview.3.24172.9",
          "Microsoft.Extensions.Telemetry": "9.0.0-preview.3.24209.3",
          "Microsoft.IO.RecyclableMemoryStream": "3.0.0"
        }
      },
      "Microsoft.Extensions.Logging": {
        "type": "Transitive",
        "resolved": "9.0.0-preview.3.24172.9",
        "contentHash": "jxyapuSpRYSvKPhwb+XPs1h5qyjB7FywdiigHpgi1yIV5Vo/cD46CnhiS0upBxoB8+c1uj+auqHcLtVHhZOWaw==",
        "dependencies": {
          "Microsoft.Extensions.DependencyInjection": "9.0.0-preview.3.24172.9",
          "Microsoft.Extensions.Logging.Abstractions": "9.0.0-preview.3.24172.9",
          "Microsoft.Extensions.Options": "9.0.0-preview.3.24172.9"
        }
      },
      "Microsoft.Extensions.Logging.Abstractions": {
        "type": "Transitive",
        "resolved": "9.0.0-preview.3.24172.9",
        "contentHash": "b9wNSdoc20aarUp1ktpS2ERzO9MDqLflH2TmW/CXmjEnCli8CQ5gI+BeTyHa3j4RXwuhJiV4ssvthXYQj5rpWQ==",
        "dependencies": {
          "Microsoft.Extensions.DependencyInjection.Abstractions": "9.0.0-preview.3.24172.9"
        }
      },
      "Microsoft.Extensions.Logging.Configuration": {
        "type": "Transitive",
        "resolved": "9.0.0-preview.3.24172.9",
        "contentHash": "OfabBRjjIRXSSxjffwJzI85Yov6ZiZyLIzTq3dTnLv3FQTRYlnn7bOTM5UFyhnTFjISO2DQhzfL1Y+QPsm8cYA==",
        "dependencies": {
          "Microsoft.Extensions.Configuration": "9.0.0-preview.3.24172.9",
          "Microsoft.Extensions.Configuration.Abstractions": "9.0.0-preview.3.24172.9",
          "Microsoft.Extensions.Configuration.Binder": "9.0.0-preview.3.24172.9",
          "Microsoft.Extensions.DependencyInjection.Abstractions": "9.0.0-preview.3.24172.9",
          "Microsoft.Extensions.Logging": "9.0.0-preview.3.24172.9",
          "Microsoft.Extensions.Logging.Abstractions": "9.0.0-preview.3.24172.9",
          "Microsoft.Extensions.Options": "9.0.0-preview.3.24172.9",
          "Microsoft.Extensions.Options.ConfigurationExtensions": "9.0.0-preview.3.24172.9"
        }
      },
      "Microsoft.Extensions.ObjectPool": {
        "type": "Transitive",
        "resolved": "9.0.0-preview.3.24172.13",
        "contentHash": "UXc8IP+o5XNPO5amBPu2x8adtXS9HqKbvVmkZLlECPUE69wYYecsSuyqL0Z6EnfLFOEZimLwSlU9rb/y29Vktw=="
      },
      "Microsoft.Extensions.Options": {
        "type": "Transitive",
        "resolved": "9.0.0-preview.3.24172.9",
        "contentHash": "r74tRvh++amfqCHaCpKwERcN59xoLhFD9VrHFca+p1u0olWo7qKAO+uZDC4tXFEtgr307/AD4xRApyji3Tk99A==",
        "dependencies": {
          "Microsoft.Extensions.DependencyInjection.Abstractions": "9.0.0-preview.3.24172.9",
          "Microsoft.Extensions.Primitives": "9.0.0-preview.3.24172.9"
        }
      },
      "Microsoft.Extensions.Options.ConfigurationExtensions": {
        "type": "Transitive",
        "resolved": "9.0.0-preview.3.24172.9",
        "contentHash": "EGxrpAfxr2q/zg5nH1KIQNNRnph+VWqjLkjFc1LjCBvqs0aw/mO4oGRzPyF8etfTBPXnRi5QNRPJGRxv12XDUQ==",
        "dependencies": {
          "Microsoft.Extensions.Configuration.Abstractions": "9.0.0-preview.3.24172.9",
          "Microsoft.Extensions.Configuration.Binder": "9.0.0-preview.3.24172.9",
          "Microsoft.Extensions.DependencyInjection.Abstractions": "9.0.0-preview.3.24172.9",
          "Microsoft.Extensions.Options": "9.0.0-preview.3.24172.9",
          "Microsoft.Extensions.Primitives": "9.0.0-preview.3.24172.9"
        }
      },
      "Microsoft.Extensions.Primitives": {
        "type": "Transitive",
        "resolved": "9.0.0-preview.3.24172.9",
        "contentHash": "+Z0U5wqkxw687YJZijjQ/rwtIfv5nxrR3XuStq//klsyzqYoXMur2chHoHA9x+TkFzIZm8KX+Dr/jwaOdq28Jw=="
      },
      "Microsoft.Extensions.Resilience": {
        "type": "Transitive",
        "resolved": "9.0.0-preview.3.24209.3",
        "contentHash": "Fe+G/y+1bFTRXk9W80GD/VJ1uS589TVfNcywq2jcVklVdncsdS/2J4MZEfQal/vMD26lqzQ2mmcXR4CGKkEP8Q==",
        "dependencies": {
          "Microsoft.Extensions.Diagnostics": "9.0.0-preview.3.24172.9",
          "Microsoft.Extensions.Diagnostics.ExceptionSummarization": "9.0.0-preview.3.24209.3",
          "Microsoft.Extensions.Options.ConfigurationExtensions": "9.0.0-preview.3.24172.9",
          "Microsoft.Extensions.Telemetry.Abstractions": "9.0.0-preview.3.24209.3",
          "Polly.Core": "8.3.0",
          "Polly.Extensions": "8.3.0",
          "Polly.RateLimiting": "8.3.0"
        }
      },
      "Microsoft.Extensions.ServiceDiscovery.Abstractions": {
        "type": "Transitive",
        "resolved": "9.0.0-preview.3.24210.17",
        "contentHash": "3NbeMyCnU9Q0EgSUQ+o2fP5nOGXo5Ug+BmjKlKLXYTGp3RRisFnmQudnvg+xxBajQkUhVXKvt35oouG7YC/V1w==",
        "dependencies": {
          "Microsoft.Extensions.Configuration.Abstractions": "9.0.0-preview.3.24172.9",
          "Microsoft.Extensions.Configuration.Binder": "9.0.0-preview.3.24172.9",
          "Microsoft.Extensions.DependencyInjection.Abstractions": "9.0.0-preview.3.24172.9",
          "Microsoft.Extensions.Features": "9.0.0-preview.3.24172.13",
          "Microsoft.Extensions.Logging.Abstractions": "9.0.0-preview.3.24172.9",
          "Microsoft.Extensions.Options": "9.0.0-preview.3.24172.9",
          "Microsoft.Extensions.Primitives": "9.0.0-preview.3.24172.9"
        }
      },
      "Microsoft.Extensions.Telemetry": {
        "type": "Transitive",
        "resolved": "9.0.0-preview.3.24209.3",
        "contentHash": "yIlL2dVYKOIQPRyvPX37NYD6OLyCY0OntmMT4piAN2LC2nQkafBZ8wf7jj/3Y+B3FJjpYD2bgDVKxjxuwuRKTA==",
        "dependencies": {
          "Microsoft.Extensions.AmbientMetadata.Application": "9.0.0-preview.3.24209.3",
          "Microsoft.Extensions.Compliance.Abstractions": "9.0.0-preview.3.24209.3",
          "Microsoft.Extensions.Configuration.Binder": "9.0.0-preview.3.24172.9",
          "Microsoft.Extensions.DependencyInjection.AutoActivation": "9.0.0-preview.3.24209.3",
          "Microsoft.Extensions.Logging.Configuration": "9.0.0-preview.3.24172.9",
          "Microsoft.Extensions.ObjectPool": "9.0.0-preview.3.24172.13",
          "Microsoft.Extensions.Options": "9.0.0-preview.3.24172.9",
          "Microsoft.Extensions.Telemetry.Abstractions": "9.0.0-preview.3.24209.3"
        }
      },
      "Microsoft.Extensions.Telemetry.Abstractions": {
        "type": "Transitive",
        "resolved": "9.0.0-preview.3.24209.3",
        "contentHash": "Wqd1oov5qUDdYJv8ZWp8ivA+IfbEkVWyM9Yl/aJUJCekdk69EFpN8B5Kbm6xEn3LsRnCxFCmrtscf1rkhrTXVA==",
        "dependencies": {
          "Microsoft.Extensions.Compliance.Abstractions": "9.0.0-preview.3.24209.3",
          "Microsoft.Extensions.Logging.Abstractions": "9.0.0-preview.3.24172.9",
          "Microsoft.Extensions.ObjectPool": "9.0.0-preview.3.24172.13",
          "Microsoft.Extensions.Options": "9.0.0-preview.3.24172.9"
        }
      },
      "Microsoft.IO.RecyclableMemoryStream": {
        "type": "Transitive",
        "resolved": "3.0.0",
        "contentHash": "irv0HuqoH8Ig5i2fO+8dmDNdFdsrO+DoQcedwIlb810qpZHBNQHZLW7C/AHBQDgLLpw2T96vmMAy/aE4Yj55Sg=="
      },
      "OpenTelemetry": {
        "type": "Transitive",
        "resolved": "1.8.1",
        "contentHash": "70pb4YyPJnoV3vZOxpusEzBqgY6NyLwyruhas5d3bUO10GnldRWGE8DF4UusbinxnTLOpSmNzsaOb5R1v+Mt0g==",
        "dependencies": {
          "Microsoft.Extensions.Diagnostics.Abstractions": "8.0.0",
          "Microsoft.Extensions.Logging.Configuration": "8.0.0",
          "OpenTelemetry.Api.ProviderBuilderExtensions": "1.8.1"
        }
      },
      "OpenTelemetry.Api": {
        "type": "Transitive",
        "resolved": "1.8.1",
        "contentHash": "QCwCJp/ndXzlTBiTJjcpkpi4tntv1qSRJMXv0YNKcptE/FRMufiIA7IWTegS7C1/r3YQQwGiwdHARcZcS41JMw==",
        "dependencies": {
          "System.Diagnostics.DiagnosticSource": "8.0.0"
        }
      },
      "OpenTelemetry.Api.ProviderBuilderExtensions": {
        "type": "Transitive",
        "resolved": "1.8.1",
        "contentHash": "/M1vkPg2i2UpnHMlV8kFS4ct9O2cg3C+KVgPI/6G/tp99AzwGIvZZv0NswnjKBqis/Lr9Lv2eeF1yvG1KpBP/w==",
        "dependencies": {
          "Microsoft.Extensions.DependencyInjection.Abstractions": "8.0.0",
          "OpenTelemetry.Api": "1.8.1"
        }
      },
      "Polly.Core": {
        "type": "Transitive",
        "resolved": "8.3.0",
        "contentHash": "A3r4xkWasffyrIJGjA3jWQi86ZGcR9BEbpIIoP9xYRAKYwiaGbKpqpsHdWv5sCeLZdaWpVs7pc4EM8Tei+LluA=="
      },
      "Polly.Extensions": {
        "type": "Transitive",
        "resolved": "8.3.0",
        "contentHash": "wUjK/vOqq2kaj9WTtBc/tXWykgT3Z5qpvM8ozl6UEBrIsjbatCl6a+AXMZsTwVEyqUKFF9td3aYRmSAaBDtRrQ==",
        "dependencies": {
          "Microsoft.Extensions.Logging.Abstractions": "8.0.0",
          "Microsoft.Extensions.Options": "8.0.0",
          "Polly.Core": "8.3.0",
          "System.Diagnostics.DiagnosticSource": "8.0.0"
        }
      },
      "Polly.RateLimiting": {
        "type": "Transitive",
        "resolved": "8.3.0",
        "contentHash": "vxymhXDbWQ37C/qEs0WcuWHZmedYmhWyg0JcUPW5kwk/YTQIzFecn2jyg8s6fiuTZv5q/ISWw1RzCTB7LcRuYg==",
        "dependencies": {
          "Polly.Core": "8.3.0",
          "System.Threading.RateLimiting": "8.0.0"
        }
      },
      "System.Diagnostics.DiagnosticSource": {
        "type": "Transitive",
        "resolved": "9.0.0-preview.3.24172.9",
        "contentHash": "7Ofq5UTNOSIu3Zn0wGZ2ppxqDd0vjndQQ6b9wMNEfUsGbuWIDP0WqXwvgz/9VPRA8y9yL1IvjibOCe/TEPwL8w=="
      },
      "System.Memory": {
        "type": "Transitive",
        "resolved": "4.5.3",
        "contentHash": "3oDzvc/zzetpTKWMShs1AADwZjQ/36HnsufHRPcOjyRAAMLDlu2iD33MBI2opxnezcVUtXyqDXXjoFMOU9c7SA=="
      },
      "System.Threading.RateLimiting": {
        "type": "Transitive",
        "resolved": "8.0.0",
        "contentHash": "7mu9v0QDv66ar3DpGSZHg9NuNcxDaaAcnMULuZlaTpP9+hwXhrxNGsF5GmLkSHxFdb5bBc1TzeujsRgTrPWi+Q=="
      }
    }
  }
}