{
  "version": 1,
  "dependencies": {
    "net9.0": {
      "Microsoft.DependencyValidation.Analyzers": {
        "type": "Direct",
        "requested": "[0.11.0, )",
        "resolved": "0.11.0",
        "contentHash": "3xBVhMsM4o9cDpsvmlv78T1FG+cTH8i6bjl1Irk6hoIwEc6Ekoz4mKAR6Hn5M/2G2ZsHNrYBNwGkgF7aiw74UA=="
      },
      "Microsoft.Extensions.Http.Resilience": {
        "type": "Direct",
        "requested": "[9.0.0-preview.2.24157.4, )",
        "resolved": "9.0.0-preview.2.24157.4",
        "contentHash": "qHctnR6NQK/T9i8VT+I+FayXtUFLh1nVJlhHQMCO5uDYoVwZ7Zi71Ew9fuJAAK+531wtnYv9kIHQu2YSinXn+Q==",
        "dependencies": {
          "Microsoft.Extensions.Configuration.Binder": "9.0.0-preview.2.24128.5",
          "Microsoft.Extensions.Http.Diagnostics": "9.0.0-preview.2.24157.4",
          "Microsoft.Extensions.ObjectPool": "9.0.0-preview.2.24128.4",
          "Microsoft.Extensions.Resilience": "9.0.0-preview.2.24157.4"
        }
      },
      "Microsoft.Extensions.ServiceDiscovery": {
        "type": "Direct",
        "requested": "[9.0.0-preview.2.24162.2, )",
        "resolved": "9.0.0-preview.2.24162.2",
        "contentHash": "Rxs6/HRMaxxrXGFgwPFUwVbiap3bqdPInJGrblBv85OMGeZusFB+FJTEnGbwq5YYPtos8FCmFGzH5jSUuKkNoA==",
        "dependencies": {
          "Microsoft.Extensions.Http": "9.0.0-preview.2.24128.5",
          "Microsoft.Extensions.ServiceDiscovery.Abstractions": "9.0.0-preview.2.24162.2"
        }
      },
      "OpenTelemetry.Exporter.OpenTelemetryProtocol": {
        "type": "Direct",
        "requested": "[1.8.0-beta.1, )",
        "resolved": "1.8.0-beta.1",
        "contentHash": "gN0syH0sTTzxhD0Q7jCCgWDi1A40HpLPxyhVLZ43+LIlglz4TLeKiW6YByKdpAvAlFMvGi9NF6S9zxVkpNSQnw==",
        "dependencies": {
          "Google.Protobuf": "[3.22.5, 4.0.0)",
          "Grpc.Net.Client": "[2.52.0, 3.0.0)",
          "OpenTelemetry": "1.8.0-beta.1"
        }
      },
      "OpenTelemetry.Extensions.Hosting": {
        "type": "Direct",
        "requested": "[1.8.0-beta.1, )",
        "resolved": "1.8.0-beta.1",
        "contentHash": "j3JitiVoOtaiERzkJypIVIdyimQQkag/WqR+UsFOzZenhsCXaTKFc3rvm5MSYvbAcTvptYsgkzTZY89KQsK+fg==",
        "dependencies": {
          "Microsoft.Extensions.Hosting.Abstractions": "8.0.0",
          "OpenTelemetry": "1.8.0-beta.1"
        }
      },
      "OpenTelemetry.Instrumentation.AspNetCore": {
        "type": "Direct",
        "requested": "[1.7.1, )",
        "resolved": "1.7.1",
        "contentHash": "H6Br/PNxNJ9s0BS/iW8n7e8EivS3ovXTQnzrGBsYBHA4tsI/YuclNpTAntHBdXP+ziwu4dNRRahOBFtAk2hiZw==",
        "dependencies": {
          "OpenTelemetry.Api.ProviderBuilderExtensions": "1.7.0"
        }
      },
      "OpenTelemetry.Instrumentation.GrpcNetClient": {
        "type": "Direct",
        "requested": "[1.7.0-beta.1, )",
        "resolved": "1.7.0-beta.1",
        "contentHash": "HZ+US4VEGvZHNm3BD/UeX7b8zNOtcb5QZaj56jllYDMGOuAdtNY07kNFYU58h2QtDHXUCb+v+0/yaDT4XFkQ9w==",
        "dependencies": {
          "OpenTelemetry": "1.7.0"
        }
      },
      "OpenTelemetry.Instrumentation.Http": {
        "type": "Direct",
        "requested": "[1.7.1, )",
        "resolved": "1.7.1",
        "contentHash": "NYzNHv8hEx48jouoXVyvAdxZn8fstCm1R+ItwSp3rEC/jGW+3L/TjfzEqiUSoNnIoUfnkCTSotqSBdZT3MD6hw==",
        "dependencies": {
          "Microsoft.Extensions.Options": "8.0.0",
          "OpenTelemetry.Api.ProviderBuilderExtensions": "1.7.0"
        }
      },
      "OpenTelemetry.Instrumentation.Runtime": {
        "type": "Direct",
        "requested": "[1.7.0, )",
        "resolved": "1.7.0",
        "contentHash": "yHMfoLHLJknhPHWwjzIyEWtfAawzRnevVJ4EWfBmZNH1vxoZ8qh8eq3UadymTqm/L6r9BJaLmdp/U4AzHhhY2Q==",
        "dependencies": {
          "OpenTelemetry.Api": "[1.7.0, 2.0.0)"
        }
      },
      "Roslynator.Analyzers": {
        "type": "Direct",
        "requested": "[4.11.0, )",
        "resolved": "4.11.0",
        "contentHash": "gb8OEqxIlqaT2r/RjMltheNZJJ/f2jfjJXyI+5JwNZvXBgSNPEQa8JeMW4lXgDtOOSdzpGNpMSuPikYLzmEvCw=="
      },
      "Google.Protobuf": {
        "type": "Transitive",
        "resolved": "3.22.5",
        "contentHash": "tTMtDZPbLxJew8pk7NBdqhLqC4OipfkZdwPuCEUNr2AoDo1siUGcxFqJK0wDewTL8ge5Cjrb16CToMPxBUHMGA=="
      },
      "Grpc.Core.Api": {
        "type": "Transitive",
        "resolved": "2.52.0",
        "contentHash": "SQiPyBczG4vKPmI6Fd+O58GcxxDSFr6nfRAJuBDUNj+PgdokhjWJvZE/La1c09AkL2FVm/jrDloG89nkzmVF7A==",
        "dependencies": {
          "System.Memory": "4.5.3"
        }
      },
      "Grpc.Net.Client": {
        "type": "Transitive",
        "resolved": "2.52.0",
        "contentHash": "hWVH9g/Nnjz40ni//2S8UIOyEmhueQREoZIkD0zKHEPqLxXcNlbp4eebXIOicZtkwDSx0TFz9NpkbecEDn6rBw==",
        "dependencies": {
          "Grpc.Net.Common": "2.52.0",
          "Microsoft.Extensions.Logging.Abstractions": "3.0.3"
        }
      },
      "Grpc.Net.Common": {
        "type": "Transitive",
        "resolved": "2.52.0",
        "contentHash": "di9qzpdx525IxumZdYmu6sG2y/gXJyYeZ1ruFUzB9BJ1nj4kU1/dTAioNCMt1VLRvNVDqh8S8B1oBdKhHJ4xRg==",
        "dependencies": {
          "Grpc.Core.Api": "2.52.0"
        }
      },
      "Microsoft.Bcl.TimeProvider": {
        "type": "Transitive",
        "resolved": "9.0.0-preview.2.24128.5",
        "contentHash": "F2OdDpdZoFqaDUBSidKwmK0PYBoz7sGQ+8eNlpGP6aWfdhkw2yZPV8xe35+rdyEmoGH5OPwlAer6a3vZPrGrAA=="
      },
      "Microsoft.Extensions.AmbientMetadata.Application": {
        "type": "Transitive",
        "resolved": "9.0.0-preview.2.24157.4",
        "contentHash": "UvkSdrTadx7L+jp+qY+6LV4345udElYxMBUA3Lguz1RXsYQ00M+5tkXZLflIKsmmuZuhL4mGsQBOFlejA4Q6iA==",
        "dependencies": {
          "Microsoft.Extensions.Configuration": "9.0.0-preview.2.24128.5",
          "Microsoft.Extensions.Configuration.Binder": "9.0.0-preview.2.24128.5",
          "Microsoft.Extensions.Hosting.Abstractions": "9.0.0-preview.2.24128.5",
          "Microsoft.Extensions.Options.ConfigurationExtensions": "9.0.0-preview.2.24128.5"
        }
      },
      "Microsoft.Extensions.Compliance.Abstractions": {
        "type": "Transitive",
        "resolved": "9.0.0-preview.2.24157.4",
        "contentHash": "UFTEjdnJ+p28RjpnYkh7IV/GXYG9kJOEksV/aSUcH//FuAF++wKD0MLw1mUHPCeuwWslkrMSN9icxAXTHWlKhA==",
        "dependencies": {
          "Microsoft.Extensions.DependencyInjection.Abstractions": "9.0.0-preview.2.24128.5",
          "Microsoft.Extensions.ObjectPool": "9.0.0-preview.2.24128.4"
        }
      },
      "Microsoft.Extensions.Configuration": {
        "type": "Transitive",
        "resolved": "9.0.0-preview.2.24128.5",
        "contentHash": "28HPPLPhlft6LNQsNM48XIAVmgAtlOIdWxL0rLrov/HW34UqkHixWsUUw81mZqiJ9UFmTNGunMgQZEN34TOr5w==",
        "dependencies": {
          "Microsoft.Extensions.Configuration.Abstractions": "9.0.0-preview.2.24128.5",
          "Microsoft.Extensions.Primitives": "9.0.0-preview.2.24128.5"
        }
      },
      "Microsoft.Extensions.Configuration.Abstractions": {
        "type": "Transitive",
        "resolved": "9.0.0-preview.2.24128.5",
        "contentHash": "LiasOr8XbC0YAV+saqBUi90Wc4rc1gpkq7MzMNBAvE7KnuxQdlxgd7sN4dgr9uWfs76ivfHQOJefI4LPuwViOg==",
        "dependencies": {
          "Microsoft.Extensions.Primitives": "9.0.0-preview.2.24128.5"
        }
      },
      "Microsoft.Extensions.Configuration.Binder": {
        "type": "Transitive",
        "resolved": "9.0.0-preview.2.24128.5",
        "contentHash": "x+kIsyN+Ovv/QRsWyxoePRLz8PzQqlJweEZMdaLzAi5ZJylZ4z2KGrlQmak15aKB6mgrTL1z/mdtQG6K5BtmEw==",
        "dependencies": {
          "Microsoft.Extensions.Configuration.Abstractions": "9.0.0-preview.2.24128.5"
        }
      },
      "Microsoft.Extensions.DependencyInjection": {
        "type": "Transitive",
        "resolved": "9.0.0-preview.2.24128.5",
        "contentHash": "sz0ZvGGqgdSCDX+jCzfqN4shBwOhj6eaRLVx2jgiWfcTU6xXTL+ccDmFQVAwRwnPO9cBceTfqxpXuLtcbb+/Sw==",
        "dependencies": {
          "Microsoft.Extensions.DependencyInjection.Abstractions": "9.0.0-preview.2.24128.5"
        }
      },
      "Microsoft.Extensions.DependencyInjection.Abstractions": {
        "type": "Transitive",
        "resolved": "9.0.0-preview.2.24128.5",
        "contentHash": "o5j9Gk+qVb0wmOvP4OmGp4Q6KhGDebpwhtiUpoJyiksqFCxbYG4tt2fLaCtsj18CVy8+wVmG73FaYERz9MBe/w=="
      },
      "Microsoft.Extensions.DependencyInjection.AutoActivation": {
        "type": "Transitive",
        "resolved": "9.0.0-preview.2.24157.4",
        "contentHash": "/wwMwiDqDh4eatmZqmSee6YTZTZXhN9lWB/XUBDN+sU/PSeBQhGG2aH9usV2WxGfKThlQwp3RHZPJMLOqZwsCA==",
        "dependencies": {
          "Microsoft.Extensions.Hosting.Abstractions": "9.0.0-preview.2.24128.5",
          "Microsoft.Extensions.Options": "9.0.0-preview.2.24128.5"
        }
      },
      "Microsoft.Extensions.DiagnosticAdapter": {
        "type": "Transitive",
        "resolved": "3.1.32",
        "contentHash": "oDv3wt+Q5cmaSfOQ3Cdu6dF6sn/x5gzWdNpOq4ajBwCMWYBr6CchncDvB9pF83ORlbDuX32MsVLOPGPxW4Lx4g==",
        "dependencies": {
          "System.Diagnostics.DiagnosticSource": "4.7.1"
        }
      },
      "Microsoft.Extensions.Diagnostics": {
        "type": "Transitive",
        "resolved": "9.0.0-preview.2.24128.5",
        "contentHash": "EwGmBvqOI4r2HNI26Wbl3pzmbW+4ROA+LNeZfGwrgzb1gsuWlhLyHTcBKNmkcCYzygNv9qhAeNE1Z5guDVdA9A==",
        "dependencies": {
          "Microsoft.Extensions.Configuration": "9.0.0-preview.2.24128.5",
          "Microsoft.Extensions.Diagnostics.Abstractions": "9.0.0-preview.2.24128.5",
          "Microsoft.Extensions.Options.ConfigurationExtensions": "9.0.0-preview.2.24128.5"
        }
      },
      "Microsoft.Extensions.Diagnostics.Abstractions": {
        "type": "Transitive",
        "resolved": "9.0.0-preview.2.24128.5",
        "contentHash": "sZbiNVAKW6Z7giY1LFHh5R8u1fQRYNHB2eCMv2M4rfk3FSZcqRA+JpeYKfiVru5bfVhqb+QTIMzNm5c6TKgrpg==",
        "dependencies": {
          "Microsoft.Extensions.DependencyInjection.Abstractions": "9.0.0-preview.2.24128.5",
          "Microsoft.Extensions.Options": "9.0.0-preview.2.24128.5",
          "System.Diagnostics.DiagnosticSource": "9.0.0-preview.2.24128.5"
        }
      },
      "Microsoft.Extensions.Diagnostics.ExceptionSummarization": {
        "type": "Transitive",
        "resolved": "9.0.0-preview.2.24157.4",
        "contentHash": "IoFuX3uVO6/03Ld5QkqtSaXlbphbFOtOzgdTEN6juWtLgl7N6zfAEtjtgAYhnyJQlB1Nygrh/SpWyL1uGHtEZA==",
        "dependencies": {
          "Microsoft.Extensions.DependencyInjection.Abstractions": "9.0.0-preview.2.24128.5"
        }
      },
      "Microsoft.Extensions.Features": {
        "type": "Transitive",
        "resolved": "9.0.0-preview.2.24128.4",
        "contentHash": "2D+MNNW2Ac2c9zXM+c3dLqnaHAugx35lGY25EheYyHmf8M5tAEzsFGjGm15yPIbb1kdIv067rC17ocYsi2nOwQ=="
      },
      "Microsoft.Extensions.FileProviders.Abstractions": {
        "type": "Transitive",
        "resolved": "9.0.0-preview.2.24128.5",
        "contentHash": "PoPRZ4tAPUw1RHGvmnw3kyfVgvROma/zfxbjyfE6iitZzAJUFY0b9ihEuFwhLd0N/O/mMcO5JpcRw7yxIVK5aQ==",
        "dependencies": {
          "Microsoft.Extensions.Primitives": "9.0.0-preview.2.24128.5"
        }
      },
      "Microsoft.Extensions.Hosting.Abstractions": {
        "type": "Transitive",
        "resolved": "9.0.0-preview.2.24128.5",
        "contentHash": "GtDY1I2yW06ScdBmBIzb8zOawUd/ja/UDRm3NQtU4lsbsaDtC6+jr6e52d+N/YtbqDnckvWDWnC8MOf1TK4s7w==",
        "dependencies": {
          "Microsoft.Extensions.Configuration.Abstractions": "9.0.0-preview.2.24128.5",
          "Microsoft.Extensions.DependencyInjection.Abstractions": "9.0.0-preview.2.24128.5",
          "Microsoft.Extensions.Diagnostics.Abstractions": "9.0.0-preview.2.24128.5",
          "Microsoft.Extensions.FileProviders.Abstractions": "9.0.0-preview.2.24128.5",
          "Microsoft.Extensions.Logging.Abstractions": "9.0.0-preview.2.24128.5"
        }
      },
      "Microsoft.Extensions.Http": {
        "type": "Transitive",
        "resolved": "9.0.0-preview.2.24128.5",
        "contentHash": "9gMW9R1O7iwiXah9t16TtoqMRSlk9YulVozbbkfjRP1t6Is/XD79bBgQDA7N2vq9+63MRRqYmQ87AwWafz60yw==",
        "dependencies": {
          "Microsoft.Extensions.Configuration.Abstractions": "9.0.0-preview.2.24128.5",
          "Microsoft.Extensions.DependencyInjection.Abstractions": "9.0.0-preview.2.24128.5",
          "Microsoft.Extensions.Diagnostics": "9.0.0-preview.2.24128.5",
          "Microsoft.Extensions.Logging": "9.0.0-preview.2.24128.5",
          "Microsoft.Extensions.Logging.Abstractions": "9.0.0-preview.2.24128.5",
          "Microsoft.Extensions.Options": "9.0.0-preview.2.24128.5"
        }
      },
      "Microsoft.Extensions.Http.Diagnostics": {
        "type": "Transitive",
        "resolved": "9.0.0-preview.2.24157.4",
        "contentHash": "8i+2pPyM4ArR49hgqCKvTwHWUFtqo58ke/2pjxLsHP3FaZCESdXyDMiduzy0te/jhw7JATpHXVo+EE7HxGZu9g==",
        "dependencies": {
          "Microsoft.Extensions.Configuration.Binder": "9.0.0-preview.2.24128.5",
          "Microsoft.Extensions.DependencyInjection.AutoActivation": "9.0.0-preview.2.24157.4",
          "Microsoft.Extensions.DiagnosticAdapter": "3.1.32",
          "Microsoft.Extensions.Http": "9.0.0-preview.2.24128.5",
          "Microsoft.Extensions.Options.ConfigurationExtensions": "9.0.0-preview.2.24128.5",
          "Microsoft.Extensions.Telemetry": "9.0.0-preview.2.24157.4",
          "Microsoft.IO.RecyclableMemoryStream": "3.0.0",
          "System.Text.Json": "9.0.0-preview.2.24128.5"
        }
      },
      "Microsoft.Extensions.Logging": {
        "type": "Transitive",
        "resolved": "9.0.0-preview.2.24128.5",
        "contentHash": "T/23YpjvXcrwxcuSP6a2GrH6e96DAU7D1McRjl+okJ/H912NpqlVhTZ7uLac1R0bsJBBMF9ZEGM41xKCLVULog==",
        "dependencies": {
          "Microsoft.Extensions.DependencyInjection": "9.0.0-preview.2.24128.5",
          "Microsoft.Extensions.Logging.Abstractions": "9.0.0-preview.2.24128.5",
          "Microsoft.Extensions.Options": "9.0.0-preview.2.24128.5"
        }
      },
      "Microsoft.Extensions.Logging.Abstractions": {
        "type": "Transitive",
        "resolved": "9.0.0-preview.2.24128.5",
        "contentHash": "puBM+NCKWEee/RxKIsunXWkzvNGVS9DqpAUWavFlv1MQwcaHExPE8GYggSAOqVJU5Kv+FPRvd4su4pLiTh/jhg==",
        "dependencies": {
          "Microsoft.Extensions.DependencyInjection.Abstractions": "9.0.0-preview.2.24128.5"
        }
      },
      "Microsoft.Extensions.Logging.Configuration": {
        "type": "Transitive",
        "resolved": "9.0.0-preview.2.24128.5",
        "contentHash": "Jtyfr9Bq8w6TbLY05VXBQt91y22osl6okmwP9g/CpEt5hFcfEtMSHGo/AX/VkGxtYALFbM+jPEkXC3TqP55s4g==",
        "dependencies": {
          "Microsoft.Extensions.Configuration": "9.0.0-preview.2.24128.5",
          "Microsoft.Extensions.Configuration.Abstractions": "9.0.0-preview.2.24128.5",
          "Microsoft.Extensions.Configuration.Binder": "9.0.0-preview.2.24128.5",
          "Microsoft.Extensions.DependencyInjection.Abstractions": "9.0.0-preview.2.24128.5",
          "Microsoft.Extensions.Logging": "9.0.0-preview.2.24128.5",
          "Microsoft.Extensions.Logging.Abstractions": "9.0.0-preview.2.24128.5",
          "Microsoft.Extensions.Options": "9.0.0-preview.2.24128.5",
          "Microsoft.Extensions.Options.ConfigurationExtensions": "9.0.0-preview.2.24128.5"
        }
      },
      "Microsoft.Extensions.ObjectPool": {
        "type": "Transitive",
        "resolved": "9.0.0-preview.2.24128.4",
        "contentHash": "6Lk1kFvo4Sri4QpeM+52Aq+H1y4TR6IqBphIvf9in0wGSHzEEK70A6GXnkCbFOf05xMy7BloAxmLzhEbtICvZw=="
      },
      "Microsoft.Extensions.Options": {
        "type": "Transitive",
        "resolved": "9.0.0-preview.2.24128.5",
        "contentHash": "ez8aBI7u769uNVNhprZEmbZCcXokNqTs8ILbuG+/t+ujuLLZDRcU4SwQpCCp2HDDqKrFlAIekc9qOjYQS1RAlA==",
        "dependencies": {
          "Microsoft.Extensions.DependencyInjection.Abstractions": "9.0.0-preview.2.24128.5",
          "Microsoft.Extensions.Primitives": "9.0.0-preview.2.24128.5"
        }
      },
      "Microsoft.Extensions.Options.ConfigurationExtensions": {
        "type": "Transitive",
        "resolved": "9.0.0-preview.2.24128.5",
        "contentHash": "xr5JMK/JuiQ9RAHrSzBTNXqEWwgUAb5bPti8UNMCxEBP+VirPfo6oFUWTyyOn/zJekTi246AQB1fz5kTM2zl8w==",
        "dependencies": {
          "Microsoft.Extensions.Configuration.Abstractions": "9.0.0-preview.2.24128.5",
          "Microsoft.Extensions.Configuration.Binder": "9.0.0-preview.2.24128.5",
          "Microsoft.Extensions.DependencyInjection.Abstractions": "9.0.0-preview.2.24128.5",
          "Microsoft.Extensions.Options": "9.0.0-preview.2.24128.5",
          "Microsoft.Extensions.Primitives": "9.0.0-preview.2.24128.5"
        }
      },
      "Microsoft.Extensions.Primitives": {
        "type": "Transitive",
        "resolved": "9.0.0-preview.2.24128.5",
        "contentHash": "9MTM5p0U66zXk205iDOY9qFuGR8NRXjbcQbpfTyhwaecnysToHxD7vKJ2LfdnzH4Msj1vSQ+M1bqdE82W4Y6JA=="
      },
      "Microsoft.Extensions.Resilience": {
        "type": "Transitive",
        "resolved": "9.0.0-preview.2.24157.4",
        "contentHash": "oru4Sh5FNR8u0jx3Bokv+GyIrpfTlV9UZ81H5De1zv3CznxaGJ7Di/c7M2a2nrfNDF+Y7fTTwMqWz2ep/kem8Q==",
        "dependencies": {
          "Microsoft.Extensions.Diagnostics": "9.0.0-preview.2.24128.5",
          "Microsoft.Extensions.Diagnostics.ExceptionSummarization": "9.0.0-preview.2.24157.4",
          "Microsoft.Extensions.Options.ConfigurationExtensions": "9.0.0-preview.2.24128.5",
          "Microsoft.Extensions.Telemetry.Abstractions": "9.0.0-preview.2.24157.4",
          "Polly.Core": "8.3.0",
          "Polly.Extensions": "8.3.0",
          "Polly.RateLimiting": "8.3.0"
        }
      },
      "Microsoft.Extensions.ServiceDiscovery.Abstractions": {
        "type": "Transitive",
        "resolved": "9.0.0-preview.2.24162.2",
        "contentHash": "qkbEACtoWPzKUgw1rk7sF1Vo+IvbQtEOM7CIEZE0F8ZA0jCOawMSWvLnMRkPmUy0vG6+FAhKyObyhZS8oK0zug==",
        "dependencies": {
          "Microsoft.Extensions.Configuration.Abstractions": "9.0.0-preview.2.24128.5",
          "Microsoft.Extensions.Configuration.Binder": "9.0.0-preview.2.24128.5",
          "Microsoft.Extensions.DependencyInjection.Abstractions": "9.0.0-preview.2.24128.5",
          "Microsoft.Extensions.Features": "9.0.0-preview.2.24128.4",
          "Microsoft.Extensions.Logging.Abstractions": "9.0.0-preview.2.24128.5",
          "Microsoft.Extensions.Options": "9.0.0-preview.2.24128.5",
          "Microsoft.Extensions.Primitives": "9.0.0-preview.2.24128.5"
        }
      },
      "Microsoft.Extensions.Telemetry": {
        "type": "Transitive",
        "resolved": "9.0.0-preview.2.24157.4",
        "contentHash": "uonLakWc/MEq820uianRHhAKhmQzZUh7wPV36vzqd1SKT7NSKav4rapHEK8+OZy5AdDQnnNBFy5VRY4cm08rrA==",
        "dependencies": {
          "Microsoft.Bcl.TimeProvider": "9.0.0-preview.2.24128.5",
          "Microsoft.Extensions.AmbientMetadata.Application": "9.0.0-preview.2.24157.4",
          "Microsoft.Extensions.Compliance.Abstractions": "9.0.0-preview.2.24157.4",
          "Microsoft.Extensions.Configuration.Binder": "9.0.0-preview.2.24128.5",
          "Microsoft.Extensions.DependencyInjection.AutoActivation": "9.0.0-preview.2.24157.4",
          "Microsoft.Extensions.Logging.Configuration": "9.0.0-preview.2.24128.5",
          "Microsoft.Extensions.ObjectPool": "9.0.0-preview.2.24128.4",
          "Microsoft.Extensions.Options": "9.0.0-preview.2.24128.5",
          "Microsoft.Extensions.Telemetry.Abstractions": "9.0.0-preview.2.24157.4"
        }
      },
      "Microsoft.Extensions.Telemetry.Abstractions": {
        "type": "Transitive",
        "resolved": "9.0.0-preview.2.24157.4",
        "contentHash": "zqAM99jtSv81hSNYqDZnEzyTc3yDtDHoRNHTfBdzNSS20SMSqZ2gYjGhGPbD4yIjc0PcgvRqDvrOjqG8CGkL+A==",
        "dependencies": {
          "Microsoft.Extensions.Compliance.Abstractions": "9.0.0-preview.2.24157.4",
          "Microsoft.Extensions.Logging.Abstractions": "9.0.0-preview.2.24128.5",
          "Microsoft.Extensions.ObjectPool": "9.0.0-preview.2.24128.4",
          "Microsoft.Extensions.Options": "9.0.0-preview.2.24128.5",
          "System.Diagnostics.DiagnosticSource": "9.0.0-preview.2.24128.5"
        }
      },
      "Microsoft.IO.RecyclableMemoryStream": {
        "type": "Transitive",
        "resolved": "3.0.0",
        "contentHash": "irv0HuqoH8Ig5i2fO+8dmDNdFdsrO+DoQcedwIlb810qpZHBNQHZLW7C/AHBQDgLLpw2T96vmMAy/aE4Yj55Sg=="
      },
      "OpenTelemetry": {
        "type": "Transitive",
        "resolved": "1.8.0-beta.1",
        "contentHash": "kHmAW8OAk7CQhdIWUstwp3jT474nbC2y0ppx3KRVOvEc6k/sXyW0I4pwod3IwmhG45YxBK2D+d50D4BAF7J4ag==",
        "dependencies": {
          "Microsoft.Extensions.Diagnostics.Abstractions": "8.0.0",
          "Microsoft.Extensions.Logging.Configuration": "8.0.0",
          "OpenTelemetry.Api.ProviderBuilderExtensions": "1.8.0-beta.1"
        }
      },
      "OpenTelemetry.Api": {
        "type": "Transitive",
        "resolved": "1.8.0-beta.1",
        "contentHash": "AilaqGYnA0ix/iw4HLhxVhSepqq+gcw8FT/9pWZqtTSG3dN9ZpWUrqHP4DyWvGYLKK2M85JAe3hTq3NDZ0AL/g==",
        "dependencies": {
          "System.Diagnostics.DiagnosticSource": "8.0.0"
        }
      },
      "OpenTelemetry.Api.ProviderBuilderExtensions": {
        "type": "Transitive",
        "resolved": "1.8.0-beta.1",
        "contentHash": "QqDXIsXhbQ3Az519vZITmCqHpJaB0/4MuS49bykJLEOK3ncUfmdzTf0o/t+6ZsPWZ7RliJZtHoOFGbBuI1YbVQ==",
        "dependencies": {
          "Microsoft.Extensions.DependencyInjection.Abstractions": "8.0.0",
          "OpenTelemetry.Api": "1.8.0-beta.1"
        }
      },
      "Polly.Core": {
        "type": "Transitive",
        "resolved": "8.3.0",
        "contentHash": "A3r4xkWasffyrIJGjA3jWQi86ZGcR9BEbpIIoP9xYRAKYwiaGbKpqpsHdWv5sCeLZdaWpVs7pc4EM8Tei+LluA=="
      },
      "Polly.Extensions": {
        "type": "Transitive",
        "resolved": "8.3.0",
        "contentHash": "wUjK/vOqq2kaj9WTtBc/tXWykgT3Z5qpvM8ozl6UEBrIsjbatCl6a+AXMZsTwVEyqUKFF9td3aYRmSAaBDtRrQ==",
        "dependencies": {
          "Microsoft.Extensions.Logging.Abstractions": "8.0.0",
          "Microsoft.Extensions.Options": "8.0.0",
          "Polly.Core": "8.3.0",
          "System.Diagnostics.DiagnosticSource": "8.0.0"
        }
      },
      "Polly.RateLimiting": {
        "type": "Transitive",
        "resolved": "8.3.0",
        "contentHash": "vxymhXDbWQ37C/qEs0WcuWHZmedYmhWyg0JcUPW5kwk/YTQIzFecn2jyg8s6fiuTZv5q/ISWw1RzCTB7LcRuYg==",
        "dependencies": {
          "Polly.Core": "8.3.0",
          "System.Threading.RateLimiting": "8.0.0"
        }
      },
      "System.Diagnostics.DiagnosticSource": {
        "type": "Transitive",
        "resolved": "9.0.0-preview.2.24128.5",
        "contentHash": "VBrex4coFLdclVsy0em9YACvmLfdFhxtPJ6n13Va8Fydw24uiJsEBfMKfblRgESQNnEM2y4En1Hhw6giq3LWvQ=="
      },
      "System.Memory": {
        "type": "Transitive",
        "resolved": "4.5.3",
        "contentHash": "3oDzvc/zzetpTKWMShs1AADwZjQ/36HnsufHRPcOjyRAAMLDlu2iD33MBI2opxnezcVUtXyqDXXjoFMOU9c7SA=="
      },
      "System.Text.Encodings.Web": {
        "type": "Transitive",
        "resolved": "9.0.0-preview.2.24128.5",
        "contentHash": "NYiPFVkUl78cMvKZilJOmmltaFoYhbb7KDFYdwvG7L5VjWijRK/8rHCff87lg9twwGHqWdngH+nYIxEaLiwNNw=="
      },
      "System.Text.Json": {
        "type": "Transitive",
        "resolved": "9.0.0-preview.2.24128.5",
        "contentHash": "EjLyUowA/rLZXr42eh7G4n+xVeIRqhHXtmoDdzb5gaUtv6jK5IX3RUaUY9wsUA9yVK9ZvEUBBecFd2eT0gszqg==",
        "dependencies": {
          "System.Text.Encodings.Web": "9.0.0-preview.2.24128.5"
        }
      },
      "System.Threading.RateLimiting": {
        "type": "Transitive",
        "resolved": "8.0.0",
        "contentHash": "7mu9v0QDv66ar3DpGSZHg9NuNcxDaaAcnMULuZlaTpP9+hwXhrxNGsF5GmLkSHxFdb5bBc1TzeujsRgTrPWi+Q=="
      }
    }
  }
}